
Microsoft Visual Studio Solution File, Format Version 12.00
# Visual Studio 15
VisualStudioVersion = 15.0.28306.52
MinimumVisualStudioVersion = 10.0.40219.1
Project("{9A19103F-16F7-4668-BE54-9A1E7A4F7556}") = "AutofacDemo", "AutofacDemo\AutofacDemo.csproj", "{0F8675E5-0B84-49E6-9CE3-2A566839516A}"
EndProject
Project("{9A19103F-16F7-4668-BE54-9A1E7A4F7556}") = "IOCDemo", "IOCDemo\IOCDemo.csproj", "{F7D4652C-4A8F-4E86-910E-4B2A32D80872}"
EndProject
Project("{9A19103F-16F7-4668-BE54-9A1E7A4F7556}") = "AspectCoreDemo", "AspectCoreDemo\AspectCoreDemo.csproj", "{646D1F37-99A3-4493-A5CB-37525699BC26}"
EndProject
Global
	GlobalSection(SolutionConfigurationPlatforms) = preSolution
		Debug|Any CPU = Debug|Any CPU
		Release|Any CPU = Release|Any CPU
	EndGlobalSection
	GlobalSection(ProjectConfigurationPlatforms) = postSolution
		{0F8675E5-0B84-49E6-9CE3-2A566839516A}.Debug|Any CPU.ActiveCfg = Debug|Any CPU
		{0F8675E5-0B84-49E6-9CE3-2A566839516A}.Debug|Any CPU.Build.0 = Debug|Any CPU
		{0F8675E5-0B84-49E6-9CE3-2A566839516A}.Release|Any CPU.ActiveCfg = Release|Any CPU
		{0F8675E5-0B84-49E6-9CE3-2A566839516A}.Release|Any CPU.Build.0 = Release|Any CPU
		{F7D4652C-4A8F-4E86-910E-4B2A32D80872}.Debug|Any CPU.ActiveCfg = Debug|Any CPU
		{F7D4652C-4A8F-4E86-910E-4B2A32D80872}.Debug|Any CPU.Build.0 = Debug|Any CPU
		{F7D4652C-4A8F-4E86-910E-4B2A32D80872}.Release|Any CPU.ActiveCfg = Release|Any CPU
		{F7D4652C-4A8F-4E86-910E-4B2A32D80872}.Release|Any CPU.Build.0 = Release|Any CPU
		{646D1F37-99A3-4493-A5CB-37525699BC26}.Debug|Any CPU.ActiveCfg = Debug|Any CPU
		{646D1F37-99A3-4493-A5CB-37525699BC26}.Debug|Any CPU.Build.0 = Debug|Any CPU
		{646D1F37-99A3-4493-A5CB-37525699BC26}.Release|Any CPU.ActiveCfg = Release|Any CPU
		{646D1F37-99A3-4493-A5CB-37525699BC26}.Release|Any CPU.Build.0 = Release|Any CPU
	EndGlobalSection
	GlobalSection(SolutionProperties) = preSolution
		HideSolutionNode = FALSE
	EndGlobalSection
	GlobalSection(ExtensibilityGlobals) = postSolution
		SolutionGuid = {F73A0DD0-BC6A-4298-B042-B4FBA1EECE11}
	EndGlobalSection
EndGlobal
